<?xml version="1.0" encoding="utf-8"?>
<Project ToolsVersion="4.0" xmlns="http://schemas.microsoft.com/developer/msbuild/2003">
  <ItemGroup>
    <Filter Include="Source Files">
      <UniqueIdentifier>{4FC737F1-C7A5-4376-A066-2A32D752A2FF}</UniqueIdentifier>
      <Extensions>cpp;c;cc;cxx;c++;cppm;ixx;def;odl;idl;hpj;bat;asm;asmx</Extensions>
    </Filter>
    <Filter Include="Header Files">
      <UniqueIdentifier>{93995380-89BD-4b04-88EB-625FBE52EBFB}</UniqueIdentifier>
      <Extensions>h;hh;hpp;hxx;h++;hm;inl;inc;ipp;xsd</Extensions>
    </Filter>
    <Filter Include="Resource Files">
      <UniqueIdentifier>{67DA6AB6-F800-4c08-8B7A-83BB121AAD01}</UniqueIdentifier>
      <Extensions>rc;ico;cur;bmp;dlg;rc2;rct;bin;rgs;gif;jpg;jpeg;jpe;resx;tiff;tif;png;wav;mfcribbon-ms</Extensions>
    </Filter>
  </ItemGroup>
  <ItemGroup>
    <ClCompile Include="main.cpp">
      <Filter>Source Files</Filter>
    </ClCompile>
    <ClCompile Include="creep.cpp">
      <Filter>Source Files</Filter>
    </ClCompile>
    <ClCompile Include="boss.cpp">
      <Filter>Source Files</Filter>
    </ClCompile>
    <ClCompile Include="bossBullet.cpp">
      <Filter>Source Files</Filter>
    </ClCompile>
    <ClCompile Include="bullet.cpp">
      <Filter>Source Files</Filter>
    </ClCompile>
    <ClCompile Include="ebullet.cpp">
      <Filter>Source Files</Filter>
    </ClCompile>
    <ClCompile Include="object.cpp">
      <Filter>Source Files</Filter>
    </ClCompile>
    <ClCompile Include="player.cpp">
      <Filter>Source Files</Filter>
    </ClCompile>
    <ClCompile Include="rendergame.cpp">
      <Filter>Source Files</Filter>
    </ClCompile>
    <ClCompile Include="Text.cpp">
      <Filter>Source Files</Filter>
    </ClCompile>
  </ItemGroup>
  <ItemGroup>
    <ClInclude Include="boss.h">
      <Filter>Header Files</Filter>
    </ClInclude>
    <ClInclude Include="bossBullet.h">
      <Filter>Header Files</Filter>
    </ClInclude>
    <ClInclude Include="bullet.h">
      <Filter>Header Files</Filter>
    </ClInclude>
    <ClInclude Include="creep.h">
      <Filter>Header Files</Filter>
    </ClInclude>
    <ClInclude Include="ebullet.h">
      <Filter>Header Files</Filter>
    </ClInclude>
    <ClInclude Include="object.h">
      <Filter>Header Files</Filter>
    </ClInclude>
    <ClInclude Include="player.h">
      <Filter>Header Files</Filter>
    </ClInclude>
    <ClInclude Include="rendergame.h">
      <Filter>Header Files</Filter>
    </ClInclude>
    <ClInclude Include="Text.h">
      <Filter>Header Files</Filter>
    </ClInclude>
  </ItemGroup>
  <ItemGroup>
    <Image Include="bgr.png">
      <Filter>Resource Files</Filter>
    </Image>
    <Image Include="creep.png">
      <Filter>Resource Files</Filter>
    </Image>
    <Image Include="creepbul.png">
      <Filter>Resource Files</Filter>
    </Image>
    <Image Include="player.png">
      <Filter>Resource Files</Filter>
    </Image>
    <Image Include="playerBullet.png">
      <Filter>Resource Files</Filter>
    </Image>
    <Image Include="playershot.png">
      <Filter>Resource Files</Filter>
    </Image>
    <Image Include="scorebar.png">
      <Filter>Resource Files</Filter>
    </Image>
  </ItemGroup>
  <ItemGroup>
    <Font Include="Aller_Rg.ttf">
      <Filter>Resource Files</Filter>
    </Font>
    <Font Include="Koulen-Regular.ttf">
      <Filter>Resource Files</Filter>
    </Font>
    <Font Include="lazy.ttf">
      <Filter>Resource Files</Filter>
    </Font>
  </ItemGroup>
</Project>